
Microsoft Visual Studio Solution File, Format Version 12.00
# Visual Studio Version 16
VisualStudioVersion = 16.0.33927.289
MinimumVisualStudioVersion = 10.0.40219.1
Project("{2150E333-8FDC-42A3-9474-1A3956D46DE8}") = "Task0", "Task0", "{0C312BF4-E438-407C-8A9B-936BECA5F701}"
EndProject
Project("{FAE04EC0-301F-11D3-BF4B-00C04F79EFBC}") = "Tyuiu.VengoVE.Sprint4.Task0.V25", "Tyuiu.VengoVE.Sprint4.Task0.V25\Tyuiu.VengoVE.Sprint4.Task0.V25.csproj", "{9A5F670D-29DB-4F2B-A335-942C0E051846}"
EndProject
Project("{FAE04EC0-301F-11D3-BF4B-00C04F79EFBC}") = "Tyuiu.VengoVE.Sprint4.Task0.V25.Lib", "Tyuiu.VengoVE.Sprint4.Task0.V25.Lib\Tyuiu.VengoVE.Sprint4.Task0.V25.Lib.csproj", "{46DF38E8-41DC-4C02-AA3A-3140E766A66B}"
EndProject
Project("{FAE04EC0-301F-11D3-BF4B-00C04F79EFBC}") = "Tyuiu.VengoVE.Sprint4.Task0.V25.Test", "Tyuiu.VengoVE.Sprint4.Task0.V25.Test\Tyuiu.VengoVE.Sprint4.Task0.V25.Test.csproj", "{17C2E6E5-5E54-4436-A133-F18B24AC8061}"
EndProject
Project("{2150E333-8FDC-42A3-9474-1A3956D46DE8}") = "Task1", "Task1", "{D9811C07-A6AD-4464-A4CE-F4D8B118832E}"
EndProject
Project("{FAE04EC0-301F-11D3-BF4B-00C04F79EFBC}") = "Tyuiu.VengoVE.Sprint4.Task1.V18", "Tyuiu.VengoVE.Sprint4.Task1.V18\Tyuiu.VengoVE.Sprint4.Task1.V18.csproj", "{7116B7B9-C150-471B-A92E-A2AF17FA6E1B}"
EndProject
Project("{FAE04EC0-301F-11D3-BF4B-00C04F79EFBC}") = "Tyuiu.VengoVE.Sprint4.Task1.V18.Lib", "Tyuiu.VengoVE.Sprint4.Task1.V18.Lib\Tyuiu.VengoVE.Sprint4.Task1.V18.Lib.csproj", "{84E2FB62-E943-42CE-A536-C2F9635CD23E}"
EndProject
Project("{FAE04EC0-301F-11D3-BF4B-00C04F79EFBC}") = "Tyuiu.VengoVE.Sprint4.Task1.V18.Test", "Tyuiu.VengoVE.Sprint4.Task1.V18.Test\Tyuiu.VengoVE.Sprint4.Task1.V18.Test.csproj", "{F5C48636-D676-41DD-91A4-B5DF4983CC05}"
EndProject
Project("{2150E333-8FDC-42A3-9474-1A3956D46DE8}") = "Task2", "Task2", "{C4A75B5B-B5D1-4F9E-9B09-3F0DBAE0F53E}"
EndProject
Project("{FAE04EC0-301F-11D3-BF4B-00C04F79EFBC}") = "Tyuiu.VengoVE.Sprint4.Task2.V22", "Tyuiu.VengoVE.Sprint4.Task2.V12\Tyuiu.VengoVE.Sprint4.Task2.V22.csproj", "{0BB659D0-0998-4F9B-A5EF-CDD2EA04FEDA}"
EndProject
Project("{FAE04EC0-301F-11D3-BF4B-00C04F79EFBC}") = "Tyuiu.VengoVE.Sprint4.Task2.V22.Lib", "Tyuiu.VengoVE.Sprint4.Task2.V12.Lib\Tyuiu.VengoVE.Sprint4.Task2.V22.Lib.csproj", "{9E414732-FC89-433F-B68A-A80D9A9F816B}"
EndProject
Project("{FAE04EC0-301F-11D3-BF4B-00C04F79EFBC}") = "Tyuiu.VengoVE.Sprint4.Task2.V22.Test", "Tyuiu.VengoVE.Sprint4.Task2.V12.Test\Tyuiu.VengoVE.Sprint4.Task2.V22.Test.csproj", "{282DAE25-B75D-4CA8-BAC4-9618B5AFE359}"
EndProject
Project("{2150E333-8FDC-42A3-9474-1A3956D46DE8}") = "Task3", "Task3", "{99DF02F0-3446-4FD4-8FDC-C3D57F2D77BA}"
EndProject
Project("{FAE04EC0-301F-11D3-BF4B-00C04F79EFBC}") = "Tyuiu.VengoVE.Sprint4.Task3.V8", "Tyuiu.VengoVE.Sprint4.Task3.V8\Tyuiu.VengoVE.Sprint4.Task3.V8.csproj", "{B55C235B-9F13-4653-922A-D5D3C5A64FED}"
EndProject
Project("{FAE04EC0-301F-11D3-BF4B-00C04F79EFBC}") = "Tyuiu.VengoVE.Sprint4.Task3.V8.Lib", "Tyuiu.VengoVE.Sprint4.Task3.V8.Lib\Tyuiu.VengoVE.Sprint4.Task3.V8.Lib.csproj", "{99A9D329-A42D-4148-B3A6-9F9D94B08700}"
EndProject
Project("{FAE04EC0-301F-11D3-BF4B-00C04F79EFBC}") = "Tyuiu.VengoVE.Sprint4.Task3.V8.Test", "Tyuiu.VengoVE.Sprint4.Task3.V8.Test\Tyuiu.VengoVE.Sprint4.Task3.V8.Test.csproj", "{A55E403B-1235-44D7-A9D1-DD0BB91494E3}"
EndProject
Project("{2150E333-8FDC-42A3-9474-1A3956D46DE8}") = "Task4", "Task4", "{74CEB50A-E555-42A7-80DE-574D9EE54FDE}"
EndProject
Project("{FAE04EC0-301F-11D3-BF4B-00C04F79EFBC}") = "Tyuiu.VengoVE.Sprint4.Task4.V9", "Tyuiu.VengoVE.Sprint4.Task4.V9\Tyuiu.VengoVE.Sprint4.Task4.V9.csproj", "{A9440075-7D89-450F-98D8-32B4FBC68F8F}"
EndProject
Project("{FAE04EC0-301F-11D3-BF4B-00C04F79EFBC}") = "Tyuiu.VengoVE.Sprint4.Task4.V9.Lib", "Tyuiu.VengoVE.Sprint4.Task4.V9.Lib\Tyuiu.VengoVE.Sprint4.Task4.V9.Lib.csproj", "{B742C287-788D-40C4-B800-F27F390C120C}"
EndProject
Project("{FAE04EC0-301F-11D3-BF4B-00C04F79EFBC}") = "Tyuiu.VengoVE.Sprint4.Task4.V9.Test", "Tyuiu.VengoVE.Sprint4.Task4.V9.Test\Tyuiu.VengoVE.Sprint4.Task4.V9.Test.csproj", "{1A8B8A55-5D4E-4DDA-8D01-FC1134B3A846}"
EndProject
Project("{2150E333-8FDC-42A3-9474-1A3956D46DE8}") = "Task5", "Task5", "{BAD8DCD1-E99B-41CE-8B6E-98C6391DE691}"
EndProject
Project("{FAE04EC0-301F-11D3-BF4B-00C04F79EFBC}") = "Tyuiu.VengoVE.Sprint4.Task5.V7", "Tyuiu.VengoVE.Sprint4.Task5.V7\Tyuiu.VengoVE.Sprint4.Task5.V7.csproj", "{7C3DF061-D306-4714-A9EF-E0515A20C93A}"
EndProject
Project("{FAE04EC0-301F-11D3-BF4B-00C04F79EFBC}") = "Tyuiu.VengoVE.Sprint4.Task5.V7.Lib", "Tyuiu.VengoVE.Sprint4.Task5.V7.Lib\Tyuiu.VengoVE.Sprint4.Task5.V7.Lib.csproj", "{8DDA99D3-941F-4540-B289-807B375E131E}"
EndProject
Project("{FAE04EC0-301F-11D3-BF4B-00C04F79EFBC}") = "Tyuiu.VengoVE.Sprint4.Task5.V7.Test", "Tyuiu.VengoVE.Sprint4.Task5.V7.Test\Tyuiu.VengoVE.Sprint4.Task5.V7.Test.csproj", "{2BBA94D6-89D3-479D-8ADC-4E8C8D7AC456}"
EndProject
Project("{2150E333-8FDC-42A3-9474-1A3956D46DE8}") = "Task6", "Task6", "{D76A66CF-D949-4607-A382-44F7A3430F0B}"
EndProject
Project("{FAE04EC0-301F-11D3-BF4B-00C04F79EFBC}") = "Tyuiu.VengoVE.Sprint4.Task6.V22", "Tyuiu.VengoVE.Sprint4.Task6.V22\Tyuiu.VengoVE.Sprint4.Task6.V22.csproj", "{54A736A6-9D90-44E7-AC9A-10B9D0CEA2D1}"
EndProject
Project("{FAE04EC0-301F-11D3-BF4B-00C04F79EFBC}") = "Tyuiu.VengoVE.Sprint4.Task6.V22.Lib", "Tyuiu.VengoVE.Sprint4.Task6.V22.Lib\Tyuiu.VengoVE.Sprint4.Task6.V22.Lib.csproj", "{C596C4CB-6DA0-4E84-8EBA-722C1E52FB11}"
EndProject
Project("{FAE04EC0-301F-11D3-BF4B-00C04F79EFBC}") = "Tyuiu.VengoVE.Sprint4.Task6.V22.Test", "Tyuiu.VengoVE.Sprint4.Task6.V22.Test\Tyuiu.VengoVE.Sprint4.Task6.V22.Test.csproj", "{301619D2-CE69-4075-9C57-B52FD7B204AE}"
EndProject
Global
	GlobalSection(SolutionConfigurationPlatforms) = preSolution
		Debug|Any CPU = Debug|Any CPU
		Release|Any CPU = Release|Any CPU
	EndGlobalSection
	GlobalSection(ProjectConfigurationPlatforms) = postSolution
		{9A5F670D-29DB-4F2B-A335-942C0E051846}.Debug|Any CPU.ActiveCfg = Debug|Any CPU
		{9A5F670D-29DB-4F2B-A335-942C0E051846}.Debug|Any CPU.Build.0 = Debug|Any CPU
		{9A5F670D-29DB-4F2B-A335-942C0E051846}.Release|Any CPU.ActiveCfg = Release|Any CPU
		{9A5F670D-29DB-4F2B-A335-942C0E051846}.Release|Any CPU.Build.0 = Release|Any CPU
		{46DF38E8-41DC-4C02-AA3A-3140E766A66B}.Debug|Any CPU.ActiveCfg = Debug|Any CPU
		{46DF38E8-41DC-4C02-AA3A-3140E766A66B}.Debug|Any CPU.Build.0 = Debug|Any CPU
		{46DF38E8-41DC-4C02-AA3A-3140E766A66B}.Release|Any CPU.ActiveCfg = Release|Any CPU
		{46DF38E8-41DC-4C02-AA3A-3140E766A66B}.Release|Any CPU.Build.0 = Release|Any CPU
		{17C2E6E5-5E54-4436-A133-F18B24AC8061}.Debug|Any CPU.ActiveCfg = Debug|Any CPU
		{17C2E6E5-5E54-4436-A133-F18B24AC8061}.Debug|Any CPU.Build.0 = Debug|Any CPU
		{17C2E6E5-5E54-4436-A133-F18B24AC8061}.Release|Any CPU.ActiveCfg = Release|Any CPU
		{17C2E6E5-5E54-4436-A133-F18B24AC8061}.Release|Any CPU.Build.0 = Release|Any CPU
		{7116B7B9-C150-471B-A92E-A2AF17FA6E1B}.Debug|Any CPU.ActiveCfg = Debug|Any CPU
		{7116B7B9-C150-471B-A92E-A2AF17FA6E1B}.Debug|Any CPU.Build.0 = Debug|Any CPU
		{7116B7B9-C150-471B-A92E-A2AF17FA6E1B}.Release|Any CPU.ActiveCfg = Release|Any CPU
		{7116B7B9-C150-471B-A92E-A2AF17FA6E1B}.Release|Any CPU.Build.0 = Release|Any CPU
		{84E2FB62-E943-42CE-A536-C2F9635CD23E}.Debug|Any CPU.ActiveCfg = Debug|Any CPU
		{84E2FB62-E943-42CE-A536-C2F9635CD23E}.Debug|Any CPU.Build.0 = Debug|Any CPU
		{84E2FB62-E943-42CE-A536-C2F9635CD23E}.Release|Any CPU.ActiveCfg = Release|Any CPU
		{84E2FB62-E943-42CE-A536-C2F9635CD23E}.Release|Any CPU.Build.0 = Release|Any CPU
		{F5C48636-D676-41DD-91A4-B5DF4983CC05}.Debug|Any CPU.ActiveCfg = Debug|Any CPU
		{F5C48636-D676-41DD-91A4-B5DF4983CC05}.Debug|Any CPU.Build.0 = Debug|Any CPU
		{F5C48636-D676-41DD-91A4-B5DF4983CC05}.Release|Any CPU.ActiveCfg = Release|Any CPU
		{F5C48636-D676-41DD-91A4-B5DF4983CC05}.Release|Any CPU.Build.0 = Release|Any CPU
		{0BB659D0-0998-4F9B-A5EF-CDD2EA04FEDA}.Debug|Any CPU.ActiveCfg = Debug|Any CPU
		{0BB659D0-0998-4F9B-A5EF-CDD2EA04FEDA}.Debug|Any CPU.Build.0 = Debug|Any CPU
		{0BB659D0-0998-4F9B-A5EF-CDD2EA04FEDA}.Release|Any CPU.ActiveCfg = Release|Any CPU
		{0BB659D0-0998-4F9B-A5EF-CDD2EA04FEDA}.Release|Any CPU.Build.0 = Release|Any CPU
		{9E414732-FC89-433F-B68A-A80D9A9F816B}.Debug|Any CPU.ActiveCfg = Debug|Any CPU
		{9E414732-FC89-433F-B68A-A80D9A9F816B}.Debug|Any CPU.Build.0 = Debug|Any CPU
		{9E414732-FC89-433F-B68A-A80D9A9F816B}.Release|Any CPU.ActiveCfg = Release|Any CPU
		{9E414732-FC89-433F-B68A-A80D9A9F816B}.Release|Any CPU.Build.0 = Release|Any CPU
		{282DAE25-B75D-4CA8-BAC4-9618B5AFE359}.Debug|Any CPU.ActiveCfg = Debug|Any CPU
		{282DAE25-B75D-4CA8-BAC4-9618B5AFE359}.Debug|Any CPU.Build.0 = Debug|Any CPU
		{282DAE25-B75D-4CA8-BAC4-9618B5AFE359}.Release|Any CPU.ActiveCfg = Release|Any CPU
		{282DAE25-B75D-4CA8-BAC4-9618B5AFE359}.Release|Any CPU.Build.0 = Release|Any CPU
		{B55C235B-9F13-4653-922A-D5D3C5A64FED}.Debug|Any CPU.ActiveCfg = Debug|Any CPU
		{B55C235B-9F13-4653-922A-D5D3C5A64FED}.Debug|Any CPU.Build.0 = Debug|Any CPU
		{B55C235B-9F13-4653-922A-D5D3C5A64FED}.Release|Any CPU.ActiveCfg = Release|Any CPU
		{B55C235B-9F13-4653-922A-D5D3C5A64FED}.Release|Any CPU.Build.0 = Release|Any CPU
		{99A9D329-A42D-4148-B3A6-9F9D94B08700}.Debug|Any CPU.ActiveCfg = Debug|Any CPU
		{99A9D329-A42D-4148-B3A6-9F9D94B08700}.Debug|Any CPU.Build.0 = Debug|Any CPU
		{99A9D329-A42D-4148-B3A6-9F9D94B08700}.Release|Any CPU.ActiveCfg = Release|Any CPU
		{99A9D329-A42D-4148-B3A6-9F9D94B08700}.Release|Any CPU.Build.0 = Release|Any CPU
		{A55E403B-1235-44D7-A9D1-DD0BB91494E3}.Debug|Any CPU.ActiveCfg = Debug|Any CPU
		{A55E403B-1235-44D7-A9D1-DD0BB91494E3}.Debug|Any CPU.Build.0 = Debug|Any CPU
		{A55E403B-1235-44D7-A9D1-DD0BB91494E3}.Release|Any CPU.ActiveCfg = Release|Any CPU
		{A55E403B-1235-44D7-A9D1-DD0BB91494E3}.Release|Any CPU.Build.0 = Release|Any CPU
		{A9440075-7D89-450F-98D8-32B4FBC68F8F}.Debug|Any CPU.ActiveCfg = Debug|Any CPU
		{A9440075-7D89-450F-98D8-32B4FBC68F8F}.Debug|Any CPU.Build.0 = Debug|Any CPU
		{A9440075-7D89-450F-98D8-32B4FBC68F8F}.Release|Any CPU.ActiveCfg = Release|Any CPU
		{A9440075-7D89-450F-98D8-32B4FBC68F8F}.Release|Any CPU.Build.0 = Release|Any CPU
		{B742C287-788D-40C4-B800-F27F390C120C}.Debug|Any CPU.ActiveCfg = Debug|Any CPU
		{B742C287-788D-40C4-B800-F27F390C120C}.Debug|Any CPU.Build.0 = Debug|Any CPU
		{B742C287-788D-40C4-B800-F27F390C120C}.Release|Any CPU.ActiveCfg = Release|Any CPU
		{B742C287-788D-40C4-B800-F27F390C120C}.Release|Any CPU.Build.0 = Release|Any CPU
		{1A8B8A55-5D4E-4DDA-8D01-FC1134B3A846}.Debug|Any CPU.ActiveCfg = Debug|Any CPU
		{1A8B8A55-5D4E-4DDA-8D01-FC1134B3A846}.Debug|Any CPU.Build.0 = Debug|Any CPU
		{1A8B8A55-5D4E-4DDA-8D01-FC1134B3A846}.Release|Any CPU.ActiveCfg = Release|Any CPU
		{1A8B8A55-5D4E-4DDA-8D01-FC1134B3A846}.Release|Any CPU.Build.0 = Release|Any CPU
		{7C3DF061-D306-4714-A9EF-E0515A20C93A}.Debug|Any CPU.ActiveCfg = Debug|Any CPU
		{7C3DF061-D306-4714-A9EF-E0515A20C93A}.Debug|Any CPU.Build.0 = Debug|Any CPU
		{7C3DF061-D306-4714-A9EF-E0515A20C93A}.Release|Any CPU.ActiveCfg = Release|Any CPU
		{7C3DF061-D306-4714-A9EF-E0515A20C93A}.Release|Any CPU.Build.0 = Release|Any CPU
		{8DDA99D3-941F-4540-B289-807B375E131E}.Debug|Any CPU.ActiveCfg = Debug|Any CPU
		{8DDA99D3-941F-4540-B289-807B375E131E}.Debug|Any CPU.Build.0 = Debug|Any CPU
		{8DDA99D3-941F-4540-B289-807B375E131E}.Release|Any CPU.ActiveCfg = Release|Any CPU
		{8DDA99D3-941F-4540-B289-807B375E131E}.Release|Any CPU.Build.0 = Release|Any CPU
		{2BBA94D6-89D3-479D-8ADC-4E8C8D7AC456}.Debug|Any CPU.ActiveCfg = Debug|Any CPU
		{2BBA94D6-89D3-479D-8ADC-4E8C8D7AC456}.Debug|Any CPU.Build.0 = Debug|Any CPU
		{2BBA94D6-89D3-479D-8ADC-4E8C8D7AC456}.Release|Any CPU.ActiveCfg = Release|Any CPU
		{2BBA94D6-89D3-479D-8ADC-4E8C8D7AC456}.Release|Any CPU.Build.0 = Release|Any CPU
		{54A736A6-9D90-44E7-AC9A-10B9D0CEA2D1}.Debug|Any CPU.ActiveCfg = Debug|Any CPU
		{54A736A6-9D90-44E7-AC9A-10B9D0CEA2D1}.Debug|Any CPU.Build.0 = Debug|Any CPU
		{54A736A6-9D90-44E7-AC9A-10B9D0CEA2D1}.Release|Any CPU.ActiveCfg = Release|Any CPU
		{54A736A6-9D90-44E7-AC9A-10B9D0CEA2D1}.Release|Any CPU.Build.0 = Release|Any CPU
		{C596C4CB-6DA0-4E84-8EBA-722C1E52FB11}.Debug|Any CPU.ActiveCfg = Debug|Any CPU
		{C596C4CB-6DA0-4E84-8EBA-722C1E52FB11}.Debug|Any CPU.Build.0 = Debug|Any CPU
		{C596C4CB-6DA0-4E84-8EBA-722C1E52FB11}.Release|Any CPU.ActiveCfg = Release|Any CPU
		{C596C4CB-6DA0-4E84-8EBA-722C1E52FB11}.Release|Any CPU.Build.0 = Release|Any CPU
		{301619D2-CE69-4075-9C57-B52FD7B204AE}.Debug|Any CPU.ActiveCfg = Debug|Any CPU
		{301619D2-CE69-4075-9C57-B52FD7B204AE}.Debug|Any CPU.Build.0 = Debug|Any CPU
		{301619D2-CE69-4075-9C57-B52FD7B204AE}.Release|Any CPU.ActiveCfg = Release|Any CPU
		{301619D2-CE69-4075-9C57-B52FD7B204AE}.Release|Any CPU.Build.0 = Release|Any CPU
	EndGlobalSection
	GlobalSection(SolutionProperties) = preSolution
		HideSolutionNode = FALSE
	EndGlobalSection
	GlobalSection(NestedProjects) = preSolution
		{9A5F670D-29DB-4F2B-A335-942C0E051846} = {0C312BF4-E438-407C-8A9B-936BECA5F701}
		{46DF38E8-41DC-4C02-AA3A-3140E766A66B} = {0C312BF4-E438-407C-8A9B-936BECA5F701}
		{17C2E6E5-5E54-4436-A133-F18B24AC8061} = {0C312BF4-E438-407C-8A9B-936BECA5F701}
		{7116B7B9-C150-471B-A92E-A2AF17FA6E1B} = {D9811C07-A6AD-4464-A4CE-F4D8B118832E}
		{84E2FB62-E943-42CE-A536-C2F9635CD23E} = {D9811C07-A6AD-4464-A4CE-F4D8B118832E}
		{F5C48636-D676-41DD-91A4-B5DF4983CC05} = {D9811C07-A6AD-4464-A4CE-F4D8B118832E}
		{0BB659D0-0998-4F9B-A5EF-CDD2EA04FEDA} = {C4A75B5B-B5D1-4F9E-9B09-3F0DBAE0F53E}
		{9E414732-FC89-433F-B68A-A80D9A9F816B} = {C4A75B5B-B5D1-4F9E-9B09-3F0DBAE0F53E}
		{282DAE25-B75D-4CA8-BAC4-9618B5AFE359} = {C4A75B5B-B5D1-4F9E-9B09-3F0DBAE0F53E}
		{B55C235B-9F13-4653-922A-D5D3C5A64FED} = {99DF02F0-3446-4FD4-8FDC-C3D57F2D77BA}
		{99A9D329-A42D-4148-B3A6-9F9D94B08700} = {99DF02F0-3446-4FD4-8FDC-C3D57F2D77BA}
		{A55E403B-1235-44D7-A9D1-DD0BB91494E3} = {99DF02F0-3446-4FD4-8FDC-C3D57F2D77BA}
		{A9440075-7D89-450F-98D8-32B4FBC68F8F} = {74CEB50A-E555-42A7-80DE-574D9EE54FDE}
		{B742C287-788D-40C4-B800-F27F390C120C} = {74CEB50A-E555-42A7-80DE-574D9EE54FDE}
		{1A8B8A55-5D4E-4DDA-8D01-FC1134B3A846} = {74CEB50A-E555-42A7-80DE-574D9EE54FDE}
		{7C3DF061-D306-4714-A9EF-E0515A20C93A} = {BAD8DCD1-E99B-41CE-8B6E-98C6391DE691}
		{8DDA99D3-941F-4540-B289-807B375E131E} = {BAD8DCD1-E99B-41CE-8B6E-98C6391DE691}
		{2BBA94D6-89D3-479D-8ADC-4E8C8D7AC456} = {BAD8DCD1-E99B-41CE-8B6E-98C6391DE691}
		{54A736A6-9D90-44E7-AC9A-10B9D0CEA2D1} = {D76A66CF-D949-4607-A382-44F7A3430F0B}
		{C596C4CB-6DA0-4E84-8EBA-722C1E52FB11} = {D76A66CF-D949-4607-A382-44F7A3430F0B}
		{301619D2-CE69-4075-9C57-B52FD7B204AE} = {D76A66CF-D949-4607-A382-44F7A3430F0B}
	EndGlobalSection
	GlobalSection(ExtensibilityGlobals) = postSolution
		SolutionGuid = {C6AA9F27-4F15-4047-AC09-9E9B540A340E}
	EndGlobalSection
EndGlobal
