
Microsoft Visual Studio Solution File, Format Version 12.00
# Visual Studio Version 16
VisualStudioVersion = 16.0.33927.289
MinimumVisualStudioVersion = 10.0.40219.1
Project("{2150E333-8FDC-42A3-9474-1A3956D46DE8}") = "Task0", "Task0", "{0C312BF4-E438-407C-8A9B-936BECA5F701}"
EndProject
Project("{FAE04EC0-301F-11D3-BF4B-00C04F79EFBC}") = "Tyuiu.VengoVE.Sprint4.Task0.V25", "Tyuiu.VengoVE.Sprint4.Task0.V25\Tyuiu.VengoVE.Sprint4.Task0.V25.csproj", "{9A5F670D-29DB-4F2B-A335-942C0E051846}"
EndProject
Project("{FAE04EC0-301F-11D3-BF4B-00C04F79EFBC}") = "Tyuiu.VengoVE.Sprint4.Task0.V25.Lib", "Tyuiu.VengoVE.Sprint4.Task0.V25.Lib\Tyuiu.VengoVE.Sprint4.Task0.V25.Lib.csproj", "{46DF38E8-41DC-4C02-AA3A-3140E766A66B}"
EndProject
Project("{FAE04EC0-301F-11D3-BF4B-00C04F79EFBC}") = "Tyuiu.VengoVE.Sprint4.Task0.V25.Test", "Tyuiu.VengoVE.Sprint4.Task0.V25.Test\Tyuiu.VengoVE.Sprint4.Task0.V25.Test.csproj", "{17C2E6E5-5E54-4436-A133-F18B24AC8061}"
EndProject
Project("{2150E333-8FDC-42A3-9474-1A3956D46DE8}") = "Task1", "Task1", "{D9811C07-A6AD-4464-A4CE-F4D8B118832E}"
EndProject
Project("{FAE04EC0-301F-11D3-BF4B-00C04F79EFBC}") = "Tyuiu.VengoVE.Sprint4.Task1.V18", "Tyuiu.VengoVE.Sprint4.Task1.V18\Tyuiu.VengoVE.Sprint4.Task1.V18.csproj", "{7116B7B9-C150-471B-A92E-A2AF17FA6E1B}"
EndProject
Project("{FAE04EC0-301F-11D3-BF4B-00C04F79EFBC}") = "Tyuiu.VengoVE.Sprint4.Task1.V18.Lib", "Tyuiu.VengoVE.Sprint4.Task1.V18.Lib\Tyuiu.VengoVE.Sprint4.Task1.V18.Lib.csproj", "{84E2FB62-E943-42CE-A536-C2F9635CD23E}"
EndProject
Project("{FAE04EC0-301F-11D3-BF4B-00C04F79EFBC}") = "Tyuiu.VengoVE.Sprint4.Task1.V18.Test", "Tyuiu.VengoVE.Sprint4.Task1.V18.Test\Tyuiu.VengoVE.Sprint4.Task1.V18.Test.csproj", "{F5C48636-D676-41DD-91A4-B5DF4983CC05}"
EndProject
Project("{2150E333-8FDC-42A3-9474-1A3956D46DE8}") = "Task2", "Task2", "{C4A75B5B-B5D1-4F9E-9B09-3F0DBAE0F53E}"
EndProject
Project("{FAE04EC0-301F-11D3-BF4B-00C04F79EFBC}") = "Tyuiu.VengoVE.Sprint4.Task2.V22", "Tyuiu.VengoVE.Sprint4.Task2.V12\Tyuiu.VengoVE.Sprint4.Task2.V22.csproj", "{0BB659D0-0998-4F9B-A5EF-CDD2EA04FEDA}"
EndProject
Project("{FAE04EC0-301F-11D3-BF4B-00C04F79EFBC}") = "Tyuiu.VengoVE.Sprint4.Task2.V22.Lib", "Tyuiu.VengoVE.Sprint4.Task2.V12.Lib\Tyuiu.VengoVE.Sprint4.Task2.V22.Lib.csproj", "{9E414732-FC89-433F-B68A-A80D9A9F816B}"
EndProject
Project("{FAE04EC0-301F-11D3-BF4B-00C04F79EFBC}") = "Tyuiu.VengoVE.Sprint4.Task2.V22.Test", "Tyuiu.VengoVE.Sprint4.Task2.V12.Test\Tyuiu.VengoVE.Sprint4.Task2.V22.Test.csproj", "{282DAE25-B75D-4CA8-BAC4-9618B5AFE359}"
EndProject
Project("{2150E333-8FDC-42A3-9474-1A3956D46DE8}") = "Task3", "Task3", "{99DF02F0-3446-4FD4-8FDC-C3D57F2D77BA}"
EndProject
Global
	GlobalSection(SolutionConfigurationPlatforms) = preSolution
		Debug|Any CPU = Debug|Any CPU
		Release|Any CPU = Release|Any CPU
	EndGlobalSection
	GlobalSection(ProjectConfigurationPlatforms) = postSolution
		{9A5F670D-29DB-4F2B-A335-942C0E051846}.Debug|Any CPU.ActiveCfg = Debug|Any CPU
		{9A5F670D-29DB-4F2B-A335-942C0E051846}.Debug|Any CPU.Build.0 = Debug|Any CPU
		{9A5F670D-29DB-4F2B-A335-942C0E051846}.Release|Any CPU.ActiveCfg = Release|Any CPU
		{9A5F670D-29DB-4F2B-A335-942C0E051846}.Release|Any CPU.Build.0 = Release|Any CPU
		{46DF38E8-41DC-4C02-AA3A-3140E766A66B}.Debug|Any CPU.ActiveCfg = Debug|Any CPU
		{46DF38E8-41DC-4C02-AA3A-3140E766A66B}.Debug|Any CPU.Build.0 = Debug|Any CPU
		{46DF38E8-41DC-4C02-AA3A-3140E766A66B}.Release|Any CPU.ActiveCfg = Release|Any CPU
		{46DF38E8-41DC-4C02-AA3A-3140E766A66B}.Release|Any CPU.Build.0 = Release|Any CPU
		{17C2E6E5-5E54-4436-A133-F18B24AC8061}.Debug|Any CPU.ActiveCfg = Debug|Any CPU
		{17C2E6E5-5E54-4436-A133-F18B24AC8061}.Debug|Any CPU.Build.0 = Debug|Any CPU
		{17C2E6E5-5E54-4436-A133-F18B24AC8061}.Release|Any CPU.ActiveCfg = Release|Any CPU
		{17C2E6E5-5E54-4436-A133-F18B24AC8061}.Release|Any CPU.Build.0 = Release|Any CPU
		{7116B7B9-C150-471B-A92E-A2AF17FA6E1B}.Debug|Any CPU.ActiveCfg = Debug|Any CPU
		{7116B7B9-C150-471B-A92E-A2AF17FA6E1B}.Debug|Any CPU.Build.0 = Debug|Any CPU
		{7116B7B9-C150-471B-A92E-A2AF17FA6E1B}.Release|Any CPU.ActiveCfg = Release|Any CPU
		{7116B7B9-C150-471B-A92E-A2AF17FA6E1B}.Release|Any CPU.Build.0 = Release|Any CPU
		{84E2FB62-E943-42CE-A536-C2F9635CD23E}.Debug|Any CPU.ActiveCfg = Debug|Any CPU
		{84E2FB62-E943-42CE-A536-C2F9635CD23E}.Debug|Any CPU.Build.0 = Debug|Any CPU
		{84E2FB62-E943-42CE-A536-C2F9635CD23E}.Release|Any CPU.ActiveCfg = Release|Any CPU
		{84E2FB62-E943-42CE-A536-C2F9635CD23E}.Release|Any CPU.Build.0 = Release|Any CPU
		{F5C48636-D676-41DD-91A4-B5DF4983CC05}.Debug|Any CPU.ActiveCfg = Debug|Any CPU
		{F5C48636-D676-41DD-91A4-B5DF4983CC05}.Debug|Any CPU.Build.0 = Debug|Any CPU
		{F5C48636-D676-41DD-91A4-B5DF4983CC05}.Release|Any CPU.ActiveCfg = Release|Any CPU
		{F5C48636-D676-41DD-91A4-B5DF4983CC05}.Release|Any CPU.Build.0 = Release|Any CPU
		{0BB659D0-0998-4F9B-A5EF-CDD2EA04FEDA}.Debug|Any CPU.ActiveCfg = Debug|Any CPU
		{0BB659D0-0998-4F9B-A5EF-CDD2EA04FEDA}.Debug|Any CPU.Build.0 = Debug|Any CPU
		{0BB659D0-0998-4F9B-A5EF-CDD2EA04FEDA}.Release|Any CPU.ActiveCfg = Release|Any CPU
		{0BB659D0-0998-4F9B-A5EF-CDD2EA04FEDA}.Release|Any CPU.Build.0 = Release|Any CPU
		{9E414732-FC89-433F-B68A-A80D9A9F816B}.Debug|Any CPU.ActiveCfg = Debug|Any CPU
		{9E414732-FC89-433F-B68A-A80D9A9F816B}.Debug|Any CPU.Build.0 = Debug|Any CPU
		{9E414732-FC89-433F-B68A-A80D9A9F816B}.Release|Any CPU.ActiveCfg = Release|Any CPU
		{9E414732-FC89-433F-B68A-A80D9A9F816B}.Release|Any CPU.Build.0 = Release|Any CPU
		{282DAE25-B75D-4CA8-BAC4-9618B5AFE359}.Debug|Any CPU.ActiveCfg = Debug|Any CPU
		{282DAE25-B75D-4CA8-BAC4-9618B5AFE359}.Debug|Any CPU.Build.0 = Debug|Any CPU
		{282DAE25-B75D-4CA8-BAC4-9618B5AFE359}.Release|Any CPU.ActiveCfg = Release|Any CPU
		{282DAE25-B75D-4CA8-BAC4-9618B5AFE359}.Release|Any CPU.Build.0 = Release|Any CPU
	EndGlobalSection
	GlobalSection(SolutionProperties) = preSolution
		HideSolutionNode = FALSE
	EndGlobalSection
	GlobalSection(NestedProjects) = preSolution
		{9A5F670D-29DB-4F2B-A335-942C0E051846} = {0C312BF4-E438-407C-8A9B-936BECA5F701}
		{46DF38E8-41DC-4C02-AA3A-3140E766A66B} = {0C312BF4-E438-407C-8A9B-936BECA5F701}
		{17C2E6E5-5E54-4436-A133-F18B24AC8061} = {0C312BF4-E438-407C-8A9B-936BECA5F701}
		{7116B7B9-C150-471B-A92E-A2AF17FA6E1B} = {D9811C07-A6AD-4464-A4CE-F4D8B118832E}
		{84E2FB62-E943-42CE-A536-C2F9635CD23E} = {D9811C07-A6AD-4464-A4CE-F4D8B118832E}
		{F5C48636-D676-41DD-91A4-B5DF4983CC05} = {D9811C07-A6AD-4464-A4CE-F4D8B118832E}
		{0BB659D0-0998-4F9B-A5EF-CDD2EA04FEDA} = {C4A75B5B-B5D1-4F9E-9B09-3F0DBAE0F53E}
		{9E414732-FC89-433F-B68A-A80D9A9F816B} = {C4A75B5B-B5D1-4F9E-9B09-3F0DBAE0F53E}
		{282DAE25-B75D-4CA8-BAC4-9618B5AFE359} = {C4A75B5B-B5D1-4F9E-9B09-3F0DBAE0F53E}
	EndGlobalSection
	GlobalSection(ExtensibilityGlobals) = postSolution
		SolutionGuid = {C6AA9F27-4F15-4047-AC09-9E9B540A340E}
	EndGlobalSection
EndGlobal
